
Microsoft Visual Studio Solution File, Format Version 12.00
# Visual Studio 15
VisualStudioVersion = 15.0.27130.2003
MinimumVisualStudioVersion = 10.0.40219.1
Project("{FAE04EC0-301F-11D3-BF4B-00C04F79EFBC}") = "Delanay", "Delanay\Delanay.csproj", "{D9A586F2-3B17-4035-831F-5BCB0C303005}"
EndProject
Global
	GlobalSection(SolutionConfigurationPlatforms) = preSolution
		Debug|Any CPU = Debug|Any CPU
		Release|Any CPU = Release|Any CPU
	EndGlobalSection
	GlobalSection(ProjectConfigurationPlatforms) = postSolution
		{D9A586F2-3B17-4035-831F-5BCB0C303005}.Debug|Any CPU.ActiveCfg = Debug|Any CPU
		{D9A586F2-3B17-4035-831F-5BCB0C303005}.Debug|Any CPU.Build.0 = Debug|Any CPU
		{D9A586F2-3B17-4035-831F-5BCB0C303005}.Release|Any CPU.ActiveCfg = Release|Any CPU
		{D9A586F2-3B17-4035-831F-5BCB0C303005}.Release|Any CPU.Build.0 = Release|Any CPU
	EndGlobalSection
	GlobalSection(SolutionProperties) = preSolution
		HideSolutionNode = FALSE
	EndGlobalSection
	GlobalSection(ExtensibilityGlobals) = postSolution
		SolutionGuid = {D2944F0F-7FF6-4B8D-921F-26F52F1B83BC}
	EndGlobalSection
EndGlobal
